
Microsoft Visual Studio Solution File, Format Version 12.00
# Visual Studio Version 16
VisualStudioVersion = 25.0.1700.0
MinimumVisualStudioVersion = 10.0.40219.1
Project("{FAE04EC0-301F-11D3-BF4B-00C04F79EFBC}") = "spwangdev", "spwangdev\spwangdev.csproj", "{18CB9EE7-4CBC-4E24-8BDE-F171C6B10B8D}"
EndProject
Global
	GlobalSection(SolutionConfigurationPlatforms) = preSolution
		Debug|Any CPU = Debug|Any CPU
		Release|Any CPU = Release|Any CPU
	EndGlobalSection
	GlobalSection(ProjectConfigurationPlatforms) = postSolution
		{18CB9EE7-4CBC-4E24-8BDE-F171C6B10B8D}.Debug|Any CPU.ActiveCfg = Debug|Any CPU
		{18CB9EE7-4CBC-4E24-8BDE-F171C6B10B8D}.Debug|Any CPU.Build.0 = Debug|Any CPU
		{18CB9EE7-4CBC-4E24-8BDE-F171C6B10B8D}.Release|Any CPU.ActiveCfg = Release|Any CPU
		{18CB9EE7-4CBC-4E24-8BDE-F171C6B10B8D}.Release|Any CPU.Build.0 = Release|Any CPU
	EndGlobalSection
	GlobalSection(SolutionProperties) = preSolution
		HideSolutionNode = FALSE
	EndGlobalSection
	GlobalSection(ExtensibilityGlobals) = postSolution
		SolutionGuid = {12A05654-53A5-40B7-9114-D663D9CAB7D2}
	EndGlobalSection
EndGlobal
